// !$*UTF8*$!
{
	archiveVersion = 1;
	classes = {
	};
	objectVersion = 56;
	objects = {

/* Begin PBXBuildFile section */
		004BCBA52ABD17A100ED1A52 /* BreakingBadQuoteModel.swift in Sources */ = {isa = PBXBuildFile; fileRef = 004BCBA42ABD17A100ED1A52 /* BreakingBadQuoteModel.swift */; };
		0089A25D2AC1EAE500D6B12C /* Colors.xcassets in Resources */ = {isa = PBXBuildFile; fileRef = 0089A25C2AC1EAE500D6B12C /* Colors.xcassets */; };
		0089A25F2AC327BB00D6B12C /* DateHelper.swift in Sources */ = {isa = PBXBuildFile; fileRef = 0089A25E2AC327BB00D6B12C /* DateHelper.swift */; };
		008FF50E2AC0D839005326B0 /* AppIcon.swift in Sources */ = {isa = PBXBuildFile; fileRef = 008FF50D2AC0D839005326B0 /* AppIcon.swift */; };
		008FF5102AC0D931005326B0 /* ChangeAppIconViewModel.swift in Sources */ = {isa = PBXBuildFile; fileRef = 008FF50F2AC0D931005326B0 /* ChangeAppIconViewModel.swift */; };
		008FF5122AC0D9E8005326B0 /* ChangeAppIconView.swift in Sources */ = {isa = PBXBuildFile; fileRef = 008FF5112AC0D9E8005326B0 /* ChangeAppIconView.swift */; };
		00C08C7D2AC76C2A00BDCB42 /* CoreDataSaveModelPublisher.swift in Sources */ = {isa = PBXBuildFile; fileRef = 00C08C7C2AC76C2A00BDCB42 /* CoreDataSaveModelPublisher.swift */; };
		00C08C802AC7724100BDCB42 /* CoreDataFetchModelPublisher.swift in Sources */ = {isa = PBXBuildFile; fileRef = 00C08C7F2AC7724100BDCB42 /* CoreDataFetchModelPublisher.swift */; };
		00C08C832AC7736D00BDCB42 /* CoreDataDeleteModelPublisher.swift in Sources */ = {isa = PBXBuildFile; fileRef = 00C08C822AC7736D00BDCB42 /* CoreDataDeleteModelPublisher.swift */; };
		00D1931F2AC0B0B50042E20B /* SpeechRecognitionProtocol.swift in Sources */ = {isa = PBXBuildFile; fileRef = 00D1931E2AC0B0B50042E20B /* SpeechRecognitionProtocol.swift */; };
		00D193212AC0B3810042E20B /* UserDefaultsHelper.swift in Sources */ = {isa = PBXBuildFile; fileRef = 00D193202AC0B3810042E20B /* UserDefaultsHelper.swift */; };
		00D193232AC0B4DC0042E20B /* SettingsView.swift in Sources */ = {isa = PBXBuildFile; fileRef = 00D193222AC0B4DC0042E20B /* SettingsView.swift */; };
		00D193252AC0B5BB0042E20B /* SettingsModel.swift in Sources */ = {isa = PBXBuildFile; fileRef = 00D193242AC0B5BB0042E20B /* SettingsModel.swift */; };
		00D193272AC0B6E60042E20B /* VoiceRecognitionView.swift in Sources */ = {isa = PBXBuildFile; fileRef = 00D193262AC0B6E60042E20B /* VoiceRecognitionView.swift */; };
		00D3D5692ABDF6800004774C /* FavouriteQuotesModel.swift in Sources */ = {isa = PBXBuildFile; fileRef = 00D3D5682ABDF6800004774C /* FavouriteQuotesModel.swift */; };
		00D3D56B2ABDF76C0004774C /* QuoteModel.swift in Sources */ = {isa = PBXBuildFile; fileRef = 00D3D56A2ABDF76C0004774C /* QuoteModel.swift */; };
		00D3D56E2ABE153E0004774C /* QuotesEmptyView.swift in Sources */ = {isa = PBXBuildFile; fileRef = 00D3D56D2ABE153E0004774C /* QuotesEmptyView.swift */; };
		00D3D5702ABE18370004774C /* FavouriteQuotesView.swift in Sources */ = {isa = PBXBuildFile; fileRef = 00D3D56F2ABE18370004774C /* FavouriteQuotesView.swift */; };
		00D3D5732ABE20730004774C /* QuotesData.xcdatamodeld in Sources */ = {isa = PBXBuildFile; fileRef = 00D3D5712ABE20730004774C /* QuotesData.xcdatamodeld */; };
		00D3D5752ABE45C00004774C /* QuotesStorageService.swift in Sources */ = {isa = PBXBuildFile; fileRef = 00D3D5742ABE45C00004774C /* QuotesStorageService.swift */; };
		00D3D57C2ABE490F0004774C /* QuoteDataModel+CoreDataClass.swift in Sources */ = {isa = PBXBuildFile; fileRef = 00D3D57A2ABE490F0004774C /* QuoteDataModel+CoreDataClass.swift */; };
		00D3D57D2ABE490F0004774C /* QuoteDataModel+CoreDataProperties.swift in Sources */ = {isa = PBXBuildFile; fileRef = 00D3D57B2ABE490F0004774C /* QuoteDataModel+CoreDataProperties.swift */; };
		00E1CFCB2AC4DBF400C4C720 /* RswiftLibrary in Frameworks */ = {isa = PBXBuildFile; productRef = 00E1CFCA2AC4DBF400C4C720 /* RswiftLibrary */; };
		00F16F692ABBA6E40021D4DD /* QuotesApp.swift in Sources */ = {isa = PBXBuildFile; fileRef = 00F16F682ABBA6E40021D4DD /* QuotesApp.swift */; };
		00F16F6B2ABBA6E40021D4DD /* QuotesSourcesView.swift in Sources */ = {isa = PBXBuildFile; fileRef = 00F16F6A2ABBA6E40021D4DD /* QuotesSourcesView.swift */; };
		00F16F6D2ABBA6E50021D4DD /* Assets.xcassets in Resources */ = {isa = PBXBuildFile; fileRef = 00F16F6C2ABBA6E50021D4DD /* Assets.xcassets */; };
		00F16F702ABBA6E50021D4DD /* Preview Assets.xcassets in Resources */ = {isa = PBXBuildFile; fileRef = 00F16F6F2ABBA6E50021D4DD /* Preview Assets.xcassets */; };
		00F16F7A2ABBA6E60021D4DD /* QuotesTests.swift in Sources */ = {isa = PBXBuildFile; fileRef = 00F16F792ABBA6E60021D4DD /* QuotesTests.swift */; };
		00F16F842ABBA6E60021D4DD /* QuotesUITests.swift in Sources */ = {isa = PBXBuildFile; fileRef = 00F16F832ABBA6E60021D4DD /* QuotesUITests.swift */; };
		00F16F862ABBA6E60021D4DD /* QuotesUITestsLaunchTests.swift in Sources */ = {isa = PBXBuildFile; fileRef = 00F16F852ABBA6E60021D4DD /* QuotesUITestsLaunchTests.swift */; };
		00F16F952ABBA74E0021D4DD /* QuoteSourceCell.swift in Sources */ = {isa = PBXBuildFile; fileRef = 00F16F942ABBA74E0021D4DD /* QuoteSourceCell.swift */; };
		00F16F982ABBA8140021D4DD /* QuoteSourceModel.swift in Sources */ = {isa = PBXBuildFile; fileRef = 00F16F972ABBA8140021D4DD /* QuoteSourceModel.swift */; };
		00F16F9A2ABBA90F0021D4DD /* QuotesTabView.swift in Sources */ = {isa = PBXBuildFile; fileRef = 00F16F992ABBA90F0021D4DD /* QuotesTabView.swift */; };
		00F16F9C2ABBAA390021D4DD /* QuoteLoaderProtocol.swift in Sources */ = {isa = PBXBuildFile; fileRef = 00F16F9B2ABBAA390021D4DD /* QuoteLoaderProtocol.swift */; };
		00F16F9E2ABBB85E0021D4DD /* QuoteLoader.swift in Sources */ = {isa = PBXBuildFile; fileRef = 00F16F9D2ABBB85E0021D4DD /* QuoteLoader.swift */; };
		00F16FA02ABBBB5E0021D4DD /* KanyeQuoteModel.swift in Sources */ = {isa = PBXBuildFile; fileRef = 00F16F9F2ABBBB5E0021D4DD /* KanyeQuoteModel.swift */; };
		00F16FA22ABBBBD30021D4DD /* QuoteLoaderView.swift in Sources */ = {isa = PBXBuildFile; fileRef = 00F16FA12ABBBBD30021D4DD /* QuoteLoaderView.swift */; };
		00F16FA42ABC6E200021D4DD /* QuoteLoaderViewModel.swift in Sources */ = {isa = PBXBuildFile; fileRef = 00F16FA32ABC6E200021D4DD /* QuoteLoaderViewModel.swift */; };
		00F16FA72ABCA8C90021D4DD /* Networking.swift in Sources */ = {isa = PBXBuildFile; fileRef = 00F16FA62ABCA8C90021D4DD /* Networking.swift */; };
		00F16FA92ABCABB00021D4DD /* QuoteSourceViewModel.swift in Sources */ = {isa = PBXBuildFile; fileRef = 00F16FA82ABCABB00021D4DD /* QuoteSourceViewModel.swift */; };
		00F16FAB2ABD017A0021D4DD /* QuotableQuoteModel.swift in Sources */ = {isa = PBXBuildFile; fileRef = 00F16FAA2ABD017A0021D4DD /* QuotableQuoteModel.swift */; };
		00F16FAE2ABD07170021D4DD /* LinkPresenter.swift in Sources */ = {isa = PBXBuildFile; fileRef = 00F16FAD2ABD07170021D4DD /* LinkPresenter.swift */; };
/* End PBXBuildFile section */

/* Begin PBXContainerItemProxy section */
		00F16F762ABBA6E60021D4DD /* PBXContainerItemProxy */ = {
			isa = PBXContainerItemProxy;
			containerPortal = 00F16F5D2ABBA6E40021D4DD /* Project object */;
			proxyType = 1;
			remoteGlobalIDString = 00F16F642ABBA6E40021D4DD;
			remoteInfo = Quotes;
		};
		00F16F802ABBA6E60021D4DD /* PBXContainerItemProxy */ = {
			isa = PBXContainerItemProxy;
			containerPortal = 00F16F5D2ABBA6E40021D4DD /* Project object */;
			proxyType = 1;
			remoteGlobalIDString = 00F16F642ABBA6E40021D4DD;
			remoteInfo = Quotes;
		};
/* End PBXContainerItemProxy section */

/* Begin PBXFileReference section */
		004BCBA42ABD17A100ED1A52 /* BreakingBadQuoteModel.swift */ = {isa = PBXFileReference; lastKnownFileType = sourcecode.swift; path = BreakingBadQuoteModel.swift; sourceTree = "<group>"; };
		0089A25C2AC1EAE500D6B12C /* Colors.xcassets */ = {isa = PBXFileReference; lastKnownFileType = folder.assetcatalog; path = Colors.xcassets; sourceTree = "<group>"; };
		0089A25E2AC327BB00D6B12C /* DateHelper.swift */ = {isa = PBXFileReference; lastKnownFileType = sourcecode.swift; path = DateHelper.swift; sourceTree = "<group>"; };
		008FF50D2AC0D839005326B0 /* AppIcon.swift */ = {isa = PBXFileReference; lastKnownFileType = sourcecode.swift; path = AppIcon.swift; sourceTree = "<group>"; };
		008FF50F2AC0D931005326B0 /* ChangeAppIconViewModel.swift */ = {isa = PBXFileReference; lastKnownFileType = sourcecode.swift; path = ChangeAppIconViewModel.swift; sourceTree = "<group>"; };
		008FF5112AC0D9E8005326B0 /* ChangeAppIconView.swift */ = {isa = PBXFileReference; lastKnownFileType = sourcecode.swift; path = ChangeAppIconView.swift; sourceTree = "<group>"; };
		00C08C7C2AC76C2A00BDCB42 /* CoreDataSaveModelPublisher.swift */ = {isa = PBXFileReference; lastKnownFileType = sourcecode.swift; path = CoreDataSaveModelPublisher.swift; sourceTree = "<group>"; };
		00C08C7F2AC7724100BDCB42 /* CoreDataFetchModelPublisher.swift */ = {isa = PBXFileReference; lastKnownFileType = sourcecode.swift; path = CoreDataFetchModelPublisher.swift; sourceTree = "<group>"; };
		00C08C822AC7736D00BDCB42 /* CoreDataDeleteModelPublisher.swift */ = {isa = PBXFileReference; lastKnownFileType = sourcecode.swift; path = CoreDataDeleteModelPublisher.swift; sourceTree = "<group>"; };
		00D1931E2AC0B0B50042E20B /* SpeechRecognitionProtocol.swift */ = {isa = PBXFileReference; lastKnownFileType = sourcecode.swift; path = SpeechRecognitionProtocol.swift; sourceTree = "<group>"; };
		00D193202AC0B3810042E20B /* UserDefaultsHelper.swift */ = {isa = PBXFileReference; lastKnownFileType = sourcecode.swift; path = UserDefaultsHelper.swift; sourceTree = "<group>"; };
		00D193222AC0B4DC0042E20B /* SettingsView.swift */ = {isa = PBXFileReference; lastKnownFileType = sourcecode.swift; path = SettingsView.swift; sourceTree = "<group>"; };
		00D193242AC0B5BB0042E20B /* SettingsModel.swift */ = {isa = PBXFileReference; lastKnownFileType = sourcecode.swift; path = SettingsModel.swift; sourceTree = "<group>"; };
		00D193262AC0B6E60042E20B /* VoiceRecognitionView.swift */ = {isa = PBXFileReference; lastKnownFileType = sourcecode.swift; path = VoiceRecognitionView.swift; sourceTree = "<group>"; };
		00D3D5682ABDF6800004774C /* FavouriteQuotesModel.swift */ = {isa = PBXFileReference; lastKnownFileType = sourcecode.swift; path = FavouriteQuotesModel.swift; sourceTree = "<group>"; };
		00D3D56A2ABDF76C0004774C /* QuoteModel.swift */ = {isa = PBXFileReference; lastKnownFileType = sourcecode.swift; path = QuoteModel.swift; sourceTree = "<group>"; };
		00D3D56D2ABE153E0004774C /* QuotesEmptyView.swift */ = {isa = PBXFileReference; lastKnownFileType = sourcecode.swift; path = QuotesEmptyView.swift; sourceTree = "<group>"; };
		00D3D56F2ABE18370004774C /* FavouriteQuotesView.swift */ = {isa = PBXFileReference; lastKnownFileType = sourcecode.swift; path = FavouriteQuotesView.swift; sourceTree = "<group>"; };
		00D3D5722ABE20730004774C /* QuotesData.xcdatamodel */ = {isa = PBXFileReference; lastKnownFileType = wrapper.xcdatamodel; path = QuotesData.xcdatamodel; sourceTree = "<group>"; };
		00D3D5742ABE45C00004774C /* QuotesStorageService.swift */ = {isa = PBXFileReference; lastKnownFileType = sourcecode.swift; path = QuotesStorageService.swift; sourceTree = "<group>"; };
		00D3D57A2ABE490F0004774C /* QuoteDataModel+CoreDataClass.swift */ = {isa = PBXFileReference; lastKnownFileType = sourcecode.swift; path = "QuoteDataModel+CoreDataClass.swift"; sourceTree = "<group>"; };
		00D3D57B2ABE490F0004774C /* QuoteDataModel+CoreDataProperties.swift */ = {isa = PBXFileReference; lastKnownFileType = sourcecode.swift; path = "QuoteDataModel+CoreDataProperties.swift"; sourceTree = "<group>"; };
		00F16F652ABBA6E40021D4DD /* Quotes.app */ = {isa = PBXFileReference; explicitFileType = wrapper.application; includeInIndex = 0; path = Quotes.app; sourceTree = BUILT_PRODUCTS_DIR; };
		00F16F682ABBA6E40021D4DD /* QuotesApp.swift */ = {isa = PBXFileReference; lastKnownFileType = sourcecode.swift; path = QuotesApp.swift; sourceTree = "<group>"; };
		00F16F6A2ABBA6E40021D4DD /* QuotesSourcesView.swift */ = {isa = PBXFileReference; lastKnownFileType = sourcecode.swift; path = QuotesSourcesView.swift; sourceTree = "<group>"; };
		00F16F6C2ABBA6E50021D4DD /* Assets.xcassets */ = {isa = PBXFileReference; lastKnownFileType = folder.assetcatalog; path = Assets.xcassets; sourceTree = "<group>"; };
		00F16F6F2ABBA6E50021D4DD /* Preview Assets.xcassets */ = {isa = PBXFileReference; lastKnownFileType = folder.assetcatalog; path = "Preview Assets.xcassets"; sourceTree = "<group>"; };
		00F16F752ABBA6E60021D4DD /* QuotesTests.xctest */ = {isa = PBXFileReference; explicitFileType = wrapper.cfbundle; includeInIndex = 0; path = QuotesTests.xctest; sourceTree = BUILT_PRODUCTS_DIR; };
		00F16F792ABBA6E60021D4DD /* QuotesTests.swift */ = {isa = PBXFileReference; lastKnownFileType = sourcecode.swift; path = QuotesTests.swift; sourceTree = "<group>"; };
		00F16F7F2ABBA6E60021D4DD /* QuotesUITests.xctest */ = {isa = PBXFileReference; explicitFileType = wrapper.cfbundle; includeInIndex = 0; path = QuotesUITests.xctest; sourceTree = BUILT_PRODUCTS_DIR; };
		00F16F832ABBA6E60021D4DD /* QuotesUITests.swift */ = {isa = PBXFileReference; lastKnownFileType = sourcecode.swift; path = QuotesUITests.swift; sourceTree = "<group>"; };
		00F16F852ABBA6E60021D4DD /* QuotesUITestsLaunchTests.swift */ = {isa = PBXFileReference; lastKnownFileType = sourcecode.swift; path = QuotesUITestsLaunchTests.swift; sourceTree = "<group>"; };
		00F16F942ABBA74E0021D4DD /* QuoteSourceCell.swift */ = {isa = PBXFileReference; lastKnownFileType = sourcecode.swift; path = QuoteSourceCell.swift; sourceTree = "<group>"; };
		00F16F972ABBA8140021D4DD /* QuoteSourceModel.swift */ = {isa = PBXFileReference; lastKnownFileType = sourcecode.swift; path = QuoteSourceModel.swift; sourceTree = "<group>"; };
		00F16F992ABBA90F0021D4DD /* QuotesTabView.swift */ = {isa = PBXFileReference; lastKnownFileType = sourcecode.swift; path = QuotesTabView.swift; sourceTree = "<group>"; };
		00F16F9B2ABBAA390021D4DD /* QuoteLoaderProtocol.swift */ = {isa = PBXFileReference; lastKnownFileType = sourcecode.swift; path = QuoteLoaderProtocol.swift; sourceTree = "<group>"; };
		00F16F9D2ABBB85E0021D4DD /* QuoteLoader.swift */ = {isa = PBXFileReference; lastKnownFileType = sourcecode.swift; path = QuoteLoader.swift; sourceTree = "<group>"; };
		00F16F9F2ABBBB5E0021D4DD /* KanyeQuoteModel.swift */ = {isa = PBXFileReference; lastKnownFileType = sourcecode.swift; path = KanyeQuoteModel.swift; sourceTree = "<group>"; };
		00F16FA12ABBBBD30021D4DD /* QuoteLoaderView.swift */ = {isa = PBXFileReference; lastKnownFileType = sourcecode.swift; path = QuoteLoaderView.swift; sourceTree = "<group>"; };
		00F16FA32ABC6E200021D4DD /* QuoteLoaderViewModel.swift */ = {isa = PBXFileReference; lastKnownFileType = sourcecode.swift; path = QuoteLoaderViewModel.swift; sourceTree = "<group>"; };
		00F16FA62ABCA8C90021D4DD /* Networking.swift */ = {isa = PBXFileReference; lastKnownFileType = sourcecode.swift; path = Networking.swift; sourceTree = "<group>"; };
		00F16FA82ABCABB00021D4DD /* QuoteSourceViewModel.swift */ = {isa = PBXFileReference; lastKnownFileType = sourcecode.swift; path = QuoteSourceViewModel.swift; sourceTree = "<group>"; };
		00F16FAA2ABD017A0021D4DD /* QuotableQuoteModel.swift */ = {isa = PBXFileReference; lastKnownFileType = sourcecode.swift; path = QuotableQuoteModel.swift; sourceTree = "<group>"; };
		00F16FAD2ABD07170021D4DD /* LinkPresenter.swift */ = {isa = PBXFileReference; lastKnownFileType = sourcecode.swift; path = LinkPresenter.swift; sourceTree = "<group>"; };
/* End PBXFileReference section */

/* Begin PBXFrameworksBuildPhase section */
		00F16F622ABBA6E40021D4DD /* Frameworks */ = {
			isa = PBXFrameworksBuildPhase;
			buildActionMask = 2147483647;
			files = (
				00E1CFCB2AC4DBF400C4C720 /* RswiftLibrary in Frameworks */,
			);
			runOnlyForDeploymentPostprocessing = 0;
		};
		00F16F722ABBA6E60021D4DD /* Frameworks */ = {
			isa = PBXFrameworksBuildPhase;
			buildActionMask = 2147483647;
			files = (
			);
			runOnlyForDeploymentPostprocessing = 0;
		};
		00F16F7C2ABBA6E60021D4DD /* Frameworks */ = {
			isa = PBXFrameworksBuildPhase;
			buildActionMask = 2147483647;
			files = (
			);
			runOnlyForDeploymentPostprocessing = 0;
		};
/* End PBXFrameworksBuildPhase section */

/* Begin PBXGroup section */
		006DA4CA2AC4E16200230813 /* Resources */ = {
			isa = PBXGroup;
			children = (
				00F16F6E2ABBA6E50021D4DD /* Preview Content */,
				0089A25C2AC1EAE500D6B12C /* Colors.xcassets */,
			);
			path = Resources;
			sourceTree = "<group>";
		};
		00D1931D2AC0B09A0042E20B /* SpeechRecognition */ = {
			isa = PBXGroup;
			children = (
				00D1931E2AC0B0B50042E20B /* SpeechRecognitionProtocol.swift */,
			);
			path = SpeechRecognition;
			sourceTree = "<group>";
		};
		00D3D56C2ABE14E90004774C /* Storage */ = {
			isa = PBXGroup;
			children = (
				00D3D57A2ABE490F0004774C /* QuoteDataModel+CoreDataClass.swift */,
				00D3D57B2ABE490F0004774C /* QuoteDataModel+CoreDataProperties.swift */,
				00D3D5712ABE20730004774C /* QuotesData.xcdatamodeld */,
				00D3D5742ABE45C00004774C /* QuotesStorageService.swift */,
				00C08C7C2AC76C2A00BDCB42 /* CoreDataSaveModelPublisher.swift */,
				00C08C7F2AC7724100BDCB42 /* CoreDataFetchModelPublisher.swift */,
				00C08C822AC7736D00BDCB42 /* CoreDataDeleteModelPublisher.swift */,
			);
			path = Storage;
			sourceTree = "<group>";
		};
		00F16F5C2ABBA6E40021D4DD = {
			isa = PBXGroup;
			children = (
				00F16F672ABBA6E40021D4DD /* Quotes */,
				00F16F782ABBA6E60021D4DD /* QuotesTests */,
				00F16F822ABBA6E60021D4DD /* QuotesUITests */,
				00F16F662ABBA6E40021D4DD /* Products */,
			);
			sourceTree = "<group>";
		};
		00F16F662ABBA6E40021D4DD /* Products */ = {
			isa = PBXGroup;
			children = (
				00F16F652ABBA6E40021D4DD /* Quotes.app */,
				00F16F752ABBA6E60021D4DD /* QuotesTests.xctest */,
				00F16F7F2ABBA6E60021D4DD /* QuotesUITests.xctest */,
			);
			name = Products;
			sourceTree = "<group>";
		};
		00F16F672ABBA6E40021D4DD /* Quotes */ = {
			isa = PBXGroup;
			children = (
				00F16F6C2ABBA6E50021D4DD /* Assets.xcassets */,
				006DA4CA2AC4E16200230813 /* Resources */,
				00D1931D2AC0B09A0042E20B /* SpeechRecognition */,
				00D3D56C2ABE14E90004774C /* Storage */,
				00F16FAC2ABD07100021D4DD /* Helpers */,
				00F16FA52ABC6E250021D4DD /* ViewModels */,
				00F16F962ABBA8070021D4DD /* Models */,
				00F16F932ABBA7280021D4DD /* Presentation */,
				00F16F922ABBA71D0021D4DD /* Networking */,
				00F16F682ABBA6E40021D4DD /* QuotesApp.swift */,
			);
			path = Quotes;
			sourceTree = "<group>";
		};
		00F16F6E2ABBA6E50021D4DD /* Preview Content */ = {
			isa = PBXGroup;
			children = (
				00F16F6F2ABBA6E50021D4DD /* Preview Assets.xcassets */,
			);
			path = "Preview Content";
			sourceTree = "<group>";
		};
		00F16F782ABBA6E60021D4DD /* QuotesTests */ = {
			isa = PBXGroup;
			children = (
				00F16F792ABBA6E60021D4DD /* QuotesTests.swift */,
			);
			path = QuotesTests;
			sourceTree = "<group>";
		};
		00F16F822ABBA6E60021D4DD /* QuotesUITests */ = {
			isa = PBXGroup;
			children = (
				00F16F832ABBA6E60021D4DD /* QuotesUITests.swift */,
				00F16F852ABBA6E60021D4DD /* QuotesUITestsLaunchTests.swift */,
			);
			path = QuotesUITests;
			sourceTree = "<group>";
		};
		00F16F922ABBA71D0021D4DD /* Networking */ = {
			isa = PBXGroup;
			children = (
				00F16F9B2ABBAA390021D4DD /* QuoteLoaderProtocol.swift */,
				00F16F9D2ABBB85E0021D4DD /* QuoteLoader.swift */,
				00F16FA62ABCA8C90021D4DD /* Networking.swift */,
			);
			path = Networking;
			sourceTree = "<group>";
		};
		00F16F932ABBA7280021D4DD /* Presentation */ = {
			isa = PBXGroup;
			children = (
				00F16F6A2ABBA6E40021D4DD /* QuotesSourcesView.swift */,
				00F16F942ABBA74E0021D4DD /* QuoteSourceCell.swift */,
				00F16F992ABBA90F0021D4DD /* QuotesTabView.swift */,
				00F16FA12ABBBBD30021D4DD /* QuoteLoaderView.swift */,
				00D3D56D2ABE153E0004774C /* QuotesEmptyView.swift */,
				00D3D56F2ABE18370004774C /* FavouriteQuotesView.swift */,
				00D193222AC0B4DC0042E20B /* SettingsView.swift */,
				00D193262AC0B6E60042E20B /* VoiceRecognitionView.swift */,
				008FF5112AC0D9E8005326B0 /* ChangeAppIconView.swift */,
			);
			path = Presentation;
			sourceTree = "<group>";
		};
		00F16F962ABBA8070021D4DD /* Models */ = {
			isa = PBXGroup;
			children = (
				00D193242AC0B5BB0042E20B /* SettingsModel.swift */,
				00F16F972ABBA8140021D4DD /* QuoteSourceModel.swift */,
				00F16F9F2ABBBB5E0021D4DD /* KanyeQuoteModel.swift */,
				00F16FAA2ABD017A0021D4DD /* QuotableQuoteModel.swift */,
				004BCBA42ABD17A100ED1A52 /* BreakingBadQuoteModel.swift */,
				00D3D56A2ABDF76C0004774C /* QuoteModel.swift */,
				008FF50F2AC0D931005326B0 /* ChangeAppIconViewModel.swift */,
			);
			path = Models;
			sourceTree = "<group>";
		};
		00F16FA52ABC6E250021D4DD /* ViewModels */ = {
			isa = PBXGroup;
			children = (
				00F16FA32ABC6E200021D4DD /* QuoteLoaderViewModel.swift */,
				00F16FA82ABCABB00021D4DD /* QuoteSourceViewModel.swift */,
				00D3D5682ABDF6800004774C /* FavouriteQuotesModel.swift */,
			);
			path = ViewModels;
			sourceTree = "<group>";
		};
		00F16FAC2ABD07100021D4DD /* Helpers */ = {
			isa = PBXGroup;
			children = (
				00F16FAD2ABD07170021D4DD /* LinkPresenter.swift */,
				00D193202AC0B3810042E20B /* UserDefaultsHelper.swift */,
				008FF50D2AC0D839005326B0 /* AppIcon.swift */,
				0089A25E2AC327BB00D6B12C /* DateHelper.swift */,
			);
			path = Helpers;
			sourceTree = "<group>";
		};
/* End PBXGroup section */

/* Begin PBXNativeTarget section */
		00F16F642ABBA6E40021D4DD /* Quotes */ = {
			isa = PBXNativeTarget;
			buildConfigurationList = 00F16F892ABBA6E60021D4DD /* Build configuration list for PBXNativeTarget "Quotes" */;
			buildPhases = (
				00F16F612ABBA6E40021D4DD /* Sources */,
				00F16F622ABBA6E40021D4DD /* Frameworks */,
				00F16F632ABBA6E40021D4DD /* Resources */,
			);
			buildRules = (
			);
			dependencies = (
				00E1CFCD2AC4DC2400C4C720 /* PBXTargetDependency */,
			);
			name = Quotes;
			packageProductDependencies = (
				00E1CFCA2AC4DBF400C4C720 /* RswiftLibrary */,
			);
			productName = Quotes;
			productReference = 00F16F652ABBA6E40021D4DD /* Quotes.app */;
			productType = "com.apple.product-type.application";
		};
		00F16F742ABBA6E60021D4DD /* QuotesTests */ = {
			isa = PBXNativeTarget;
			buildConfigurationList = 00F16F8C2ABBA6E60021D4DD /* Build configuration list for PBXNativeTarget "QuotesTests" */;
			buildPhases = (
				00F16F712ABBA6E60021D4DD /* Sources */,
				00F16F722ABBA6E60021D4DD /* Frameworks */,
				00F16F732ABBA6E60021D4DD /* Resources */,
			);
			buildRules = (
			);
			dependencies = (
				00F16F772ABBA6E60021D4DD /* PBXTargetDependency */,
			);
			name = QuotesTests;
			productName = QuotesTests;
			productReference = 00F16F752ABBA6E60021D4DD /* QuotesTests.xctest */;
			productType = "com.apple.product-type.bundle.unit-test";
		};
		00F16F7E2ABBA6E60021D4DD /* QuotesUITests */ = {
			isa = PBXNativeTarget;
			buildConfigurationList = 00F16F8F2ABBA6E60021D4DD /* Build configuration list for PBXNativeTarget "QuotesUITests" */;
			buildPhases = (
				00F16F7B2ABBA6E60021D4DD /* Sources */,
				00F16F7C2ABBA6E60021D4DD /* Frameworks */,
				00F16F7D2ABBA6E60021D4DD /* Resources */,
			);
			buildRules = (
			);
			dependencies = (
				00F16F812ABBA6E60021D4DD /* PBXTargetDependency */,
			);
			name = QuotesUITests;
			productName = QuotesUITests;
			productReference = 00F16F7F2ABBA6E60021D4DD /* QuotesUITests.xctest */;
			productType = "com.apple.product-type.bundle.ui-testing";
		};
/* End PBXNativeTarget section */

/* Begin PBXProject section */
		00F16F5D2ABBA6E40021D4DD /* Project object */ = {
			isa = PBXProject;
			attributes = {
				BuildIndependentTargetsInParallel = 1;
				LastSwiftUpdateCheck = 1430;
				LastUpgradeCheck = 1430;
				TargetAttributes = {
					00F16F642ABBA6E40021D4DD = {
						CreatedOnToolsVersion = 14.3;
					};
					00F16F742ABBA6E60021D4DD = {
						CreatedOnToolsVersion = 14.3;
						TestTargetID = 00F16F642ABBA6E40021D4DD;
					};
					00F16F7E2ABBA6E60021D4DD = {
						CreatedOnToolsVersion = 14.3;
						TestTargetID = 00F16F642ABBA6E40021D4DD;
					};
				};
			};
			buildConfigurationList = 00F16F602ABBA6E40021D4DD /* Build configuration list for PBXProject "Quotes" */;
			compatibilityVersion = "Xcode 14.0";
			developmentRegion = en;
			hasScannedForEncodings = 0;
			knownRegions = (
				en,
				Base,
			);
			mainGroup = 00F16F5C2ABBA6E40021D4DD;
			packageReferences = (
				00E1CFC92AC4DBF400C4C720 /* XCRemoteSwiftPackageReference "R" */,
			);
			productRefGroup = 00F16F662ABBA6E40021D4DD /* Products */;
			projectDirPath = "";
			projectRoot = "";
			targets = (
				00F16F642ABBA6E40021D4DD /* Quotes */,
				00F16F742ABBA6E60021D4DD /* QuotesTests */,
				00F16F7E2ABBA6E60021D4DD /* QuotesUITests */,
			);
		};
/* End PBXProject section */

/* Begin PBXResourcesBuildPhase section */
		00F16F632ABBA6E40021D4DD /* Resources */ = {
			isa = PBXResourcesBuildPhase;
			buildActionMask = 2147483647;
			files = (
				0089A25D2AC1EAE500D6B12C /* Colors.xcassets in Resources */,
				00F16F702ABBA6E50021D4DD /* Preview Assets.xcassets in Resources */,
				00F16F6D2ABBA6E50021D4DD /* Assets.xcassets in Resources */,
			);
			runOnlyForDeploymentPostprocessing = 0;
		};
		00F16F732ABBA6E60021D4DD /* Resources */ = {
			isa = PBXResourcesBuildPhase;
			buildActionMask = 2147483647;
			files = (
			);
			runOnlyForDeploymentPostprocessing = 0;
		};
		00F16F7D2ABBA6E60021D4DD /* Resources */ = {
			isa = PBXResourcesBuildPhase;
			buildActionMask = 2147483647;
			files = (
			);
			runOnlyForDeploymentPostprocessing = 0;
		};
/* End PBXResourcesBuildPhase section */

/* Begin PBXSourcesBuildPhase section */
		00F16F612ABBA6E40021D4DD /* Sources */ = {
			isa = PBXSourcesBuildPhase;
			buildActionMask = 2147483647;
			files = (
				00F16F6B2ABBA6E40021D4DD /* QuotesSourcesView.swift in Sources */,
				00C08C7D2AC76C2A00BDCB42 /* CoreDataSaveModelPublisher.swift in Sources */,
				00F16FA72ABCA8C90021D4DD /* Networking.swift in Sources */,
				008FF5122AC0D9E8005326B0 /* ChangeAppIconView.swift in Sources */,
				00D3D5732ABE20730004774C /* QuotesData.xcdatamodeld in Sources */,
				004BCBA52ABD17A100ED1A52 /* BreakingBadQuoteModel.swift in Sources */,
				00D3D57D2ABE490F0004774C /* QuoteDataModel+CoreDataProperties.swift in Sources */,
				008FF50E2AC0D839005326B0 /* AppIcon.swift in Sources */,
				00D193212AC0B3810042E20B /* UserDefaultsHelper.swift in Sources */,
				00F16FA22ABBBBD30021D4DD /* QuoteLoaderView.swift in Sources */,
				0089A25F2AC327BB00D6B12C /* DateHelper.swift in Sources */,
				00F16FA42ABC6E200021D4DD /* QuoteLoaderViewModel.swift in Sources */,
				00C08C802AC7724100BDCB42 /* CoreDataFetchModelPublisher.swift in Sources */,
				00C08C832AC7736D00BDCB42 /* CoreDataDeleteModelPublisher.swift in Sources */,
				00F16FA92ABCABB00021D4DD /* QuoteSourceViewModel.swift in Sources */,
				00D3D5702ABE18370004774C /* FavouriteQuotesView.swift in Sources */,
				00F16F982ABBA8140021D4DD /* QuoteSourceModel.swift in Sources */,
				00D3D56B2ABDF76C0004774C /* QuoteModel.swift in Sources */,
				00D3D57C2ABE490F0004774C /* QuoteDataModel+CoreDataClass.swift in Sources */,
				00F16FAE2ABD07170021D4DD /* LinkPresenter.swift in Sources */,
				008FF5102AC0D931005326B0 /* ChangeAppIconViewModel.swift in Sources */,
				00F16FA02ABBBB5E0021D4DD /* KanyeQuoteModel.swift in Sources */,
				00D193252AC0B5BB0042E20B /* SettingsModel.swift in Sources */,
				00F16FAB2ABD017A0021D4DD /* QuotableQuoteModel.swift in Sources */,
				00F16F692ABBA6E40021D4DD /* QuotesApp.swift in Sources */,
				00F16F9C2ABBAA390021D4DD /* QuoteLoaderProtocol.swift in Sources */,
				00D1931F2AC0B0B50042E20B /* SpeechRecognitionProtocol.swift in Sources */,
				00D3D5692ABDF6800004774C /* FavouriteQuotesModel.swift in Sources */,
				00F16F952ABBA74E0021D4DD /* QuoteSourceCell.swift in Sources */,
				00D3D56E2ABE153E0004774C /* QuotesEmptyView.swift in Sources */,
				00D3D5752ABE45C00004774C /* QuotesStorageService.swift in Sources */,
				00F16F9A2ABBA90F0021D4DD /* QuotesTabView.swift in Sources */,
				00F16F9E2ABBB85E0021D4DD /* QuoteLoader.swift in Sources */,
				00D193232AC0B4DC0042E20B /* SettingsView.swift in Sources */,
				00D193272AC0B6E60042E20B /* VoiceRecognitionView.swift in Sources */,
			);
			runOnlyForDeploymentPostprocessing = 0;
		};
		00F16F712ABBA6E60021D4DD /* Sources */ = {
			isa = PBXSourcesBuildPhase;
			buildActionMask = 2147483647;
			files = (
				00F16F7A2ABBA6E60021D4DD /* QuotesTests.swift in Sources */,
			);
			runOnlyForDeploymentPostprocessing = 0;
		};
		00F16F7B2ABBA6E60021D4DD /* Sources */ = {
			isa = PBXSourcesBuildPhase;
			buildActionMask = 2147483647;
			files = (
				00F16F842ABBA6E60021D4DD /* QuotesUITests.swift in Sources */,
				00F16F862ABBA6E60021D4DD /* QuotesUITestsLaunchTests.swift in Sources */,
			);
			runOnlyForDeploymentPostprocessing = 0;
		};
/* End PBXSourcesBuildPhase section */

/* Begin PBXTargetDependency section */
		00E1CFCD2AC4DC2400C4C720 /* PBXTargetDependency */ = {
			isa = PBXTargetDependency;
			productRef = 00E1CFCC2AC4DC2400C4C720 /* RswiftGenerateInternalResources */;
		};
		00F16F772ABBA6E60021D4DD /* PBXTargetDependency */ = {
			isa = PBXTargetDependency;
			target = 00F16F642ABBA6E40021D4DD /* Quotes */;
			targetProxy = 00F16F762ABBA6E60021D4DD /* PBXContainerItemProxy */;
		};
		00F16F812ABBA6E60021D4DD /* PBXTargetDependency */ = {
			isa = PBXTargetDependency;
			target = 00F16F642ABBA6E40021D4DD /* Quotes */;
			targetProxy = 00F16F802ABBA6E60021D4DD /* PBXContainerItemProxy */;
		};
/* End PBXTargetDependency section */

/* Begin XCBuildConfiguration section */
		00F16F872ABBA6E60021D4DD /* Debug */ = {
			isa = XCBuildConfiguration;
			buildSettings = {
				ALWAYS_SEARCH_USER_PATHS = NO;
				ASSETCATALOG_COMPILER_ALTERNATE_APPICON_NAMES = "AppIcon-Quotable";
				CLANG_ANALYZER_NONNULL = YES;
				CLANG_ANALYZER_NUMBER_OBJECT_CONVERSION = YES_AGGRESSIVE;
				CLANG_CXX_LANGUAGE_STANDARD = "gnu++20";
				CLANG_ENABLE_MODULES = YES;
				CLANG_ENABLE_OBJC_ARC = YES;
				CLANG_ENABLE_OBJC_WEAK = YES;
				CLANG_WARN_BLOCK_CAPTURE_AUTORELEASING = YES;
				CLANG_WARN_BOOL_CONVERSION = YES;
				CLANG_WARN_COMMA = YES;
				CLANG_WARN_CONSTANT_CONVERSION = YES;
				CLANG_WARN_DEPRECATED_OBJC_IMPLEMENTATIONS = YES;
				CLANG_WARN_DIRECT_OBJC_ISA_USAGE = YES_ERROR;
				CLANG_WARN_DOCUMENTATION_COMMENTS = YES;
				CLANG_WARN_EMPTY_BODY = YES;
				CLANG_WARN_ENUM_CONVERSION = YES;
				CLANG_WARN_INFINITE_RECURSION = YES;
				CLANG_WARN_INT_CONVERSION = YES;
				CLANG_WARN_NON_LITERAL_NULL_CONVERSION = YES;
				CLANG_WARN_OBJC_IMPLICIT_RETAIN_SELF = YES;
				CLANG_WARN_OBJC_LITERAL_CONVERSION = YES;
				CLANG_WARN_OBJC_ROOT_CLASS = YES_ERROR;
				CLANG_WARN_QUOTED_INCLUDE_IN_FRAMEWORK_HEADER = YES;
				CLANG_WARN_RANGE_LOOP_ANALYSIS = YES;
				CLANG_WARN_STRICT_PROTOTYPES = YES;
				CLANG_WARN_SUSPICIOUS_MOVE = YES;
				CLANG_WARN_UNGUARDED_AVAILABILITY = YES_AGGRESSIVE;
				CLANG_WARN_UNREACHABLE_CODE = YES;
				CLANG_WARN__DUPLICATE_METHOD_MATCH = YES;
				COPY_PHASE_STRIP = NO;
				DEBUG_INFORMATION_FORMAT = dwarf;
				ENABLE_STRICT_OBJC_MSGSEND = YES;
				ENABLE_TESTABILITY = YES;
				GCC_C_LANGUAGE_STANDARD = gnu11;
				GCC_DYNAMIC_NO_PIC = NO;
				GCC_NO_COMMON_BLOCKS = YES;
				GCC_OPTIMIZATION_LEVEL = 0;
				GCC_PREPROCESSOR_DEFINITIONS = (
					"DEBUG=1",
					"$(inherited)",
				);
				GCC_WARN_64_TO_32_BIT_CONVERSION = YES;
				GCC_WARN_ABOUT_RETURN_TYPE = YES_ERROR;
				GCC_WARN_UNDECLARED_SELECTOR = YES;
				GCC_WARN_UNINITIALIZED_AUTOS = YES_AGGRESSIVE;
				GCC_WARN_UNUSED_FUNCTION = YES;
				GCC_WARN_UNUSED_VARIABLE = YES;
				IPHONEOS_DEPLOYMENT_TARGET = 16.4;
				MTL_ENABLE_DEBUG_INFO = INCLUDE_SOURCE;
				MTL_FAST_MATH = YES;
				ONLY_ACTIVE_ARCH = YES;
				SDKROOT = iphoneos;
				SWIFT_ACTIVE_COMPILATION_CONDITIONS = DEBUG;
				SWIFT_OPTIMIZATION_LEVEL = "-Onone";
			};
			name = Debug;
		};
		00F16F882ABBA6E60021D4DD /* Release */ = {
			isa = XCBuildConfiguration;
			buildSettings = {
				ALWAYS_SEARCH_USER_PATHS = NO;
				ASSETCATALOG_COMPILER_ALTERNATE_APPICON_NAMES = "AppIcon-Quotable";
				CLANG_ANALYZER_NONNULL = YES;
				CLANG_ANALYZER_NUMBER_OBJECT_CONVERSION = YES_AGGRESSIVE;
				CLANG_CXX_LANGUAGE_STANDARD = "gnu++20";
				CLANG_ENABLE_MODULES = YES;
				CLANG_ENABLE_OBJC_ARC = YES;
				CLANG_ENABLE_OBJC_WEAK = YES;
				CLANG_WARN_BLOCK_CAPTURE_AUTORELEASING = YES;
				CLANG_WARN_BOOL_CONVERSION = YES;
				CLANG_WARN_COMMA = YES;
				CLANG_WARN_CONSTANT_CONVERSION = YES;
				CLANG_WARN_DEPRECATED_OBJC_IMPLEMENTATIONS = YES;
				CLANG_WARN_DIRECT_OBJC_ISA_USAGE = YES_ERROR;
				CLANG_WARN_DOCUMENTATION_COMMENTS = YES;
				CLANG_WARN_EMPTY_BODY = YES;
				CLANG_WARN_ENUM_CONVERSION = YES;
				CLANG_WARN_INFINITE_RECURSION = YES;
				CLANG_WARN_INT_CONVERSION = YES;
				CLANG_WARN_NON_LITERAL_NULL_CONVERSION = YES;
				CLANG_WARN_OBJC_IMPLICIT_RETAIN_SELF = YES;
				CLANG_WARN_OBJC_LITERAL_CONVERSION = YES;
				CLANG_WARN_OBJC_ROOT_CLASS = YES_ERROR;
				CLANG_WARN_QUOTED_INCLUDE_IN_FRAMEWORK_HEADER = YES;
				CLANG_WARN_RANGE_LOOP_ANALYSIS = YES;
				CLANG_WARN_STRICT_PROTOTYPES = YES;
				CLANG_WARN_SUSPICIOUS_MOVE = YES;
				CLANG_WARN_UNGUARDED_AVAILABILITY = YES_AGGRESSIVE;
				CLANG_WARN_UNREACHABLE_CODE = YES;
				CLANG_WARN__DUPLICATE_METHOD_MATCH = YES;
				COPY_PHASE_STRIP = NO;
				DEBUG_INFORMATION_FORMAT = "dwarf-with-dsym";
				ENABLE_NS_ASSERTIONS = NO;
				ENABLE_STRICT_OBJC_MSGSEND = YES;
				GCC_C_LANGUAGE_STANDARD = gnu11;
				GCC_NO_COMMON_BLOCKS = YES;
				GCC_WARN_64_TO_32_BIT_CONVERSION = YES;
				GCC_WARN_ABOUT_RETURN_TYPE = YES_ERROR;
				GCC_WARN_UNDECLARED_SELECTOR = YES;
				GCC_WARN_UNINITIALIZED_AUTOS = YES_AGGRESSIVE;
				GCC_WARN_UNUSED_FUNCTION = YES;
				GCC_WARN_UNUSED_VARIABLE = YES;
				IPHONEOS_DEPLOYMENT_TARGET = 16.4;
				MTL_ENABLE_DEBUG_INFO = NO;
				MTL_FAST_MATH = YES;
				SDKROOT = iphoneos;
				SWIFT_COMPILATION_MODE = wholemodule;
				SWIFT_OPTIMIZATION_LEVEL = "-O";
				VALIDATE_PRODUCT = YES;
			};
			name = Release;
		};
		00F16F8A2ABBA6E60021D4DD /* Debug */ = {
			isa = XCBuildConfiguration;
			buildSettings = {
				ASSETCATALOG_COMPILER_ALTERNATE_APPICON_NAMES = "AppIcon-Quotable";
				ASSETCATALOG_COMPILER_APPICON_NAME = AppIcon;
				ASSETCATALOG_COMPILER_GLOBAL_ACCENT_COLOR_NAME = AccentColor;
				CODE_SIGN_STYLE = Automatic;
				CURRENT_PROJECT_VERSION = 1;
				DEVELOPMENT_ASSET_PATHS = "\"Quotes/Resources/Preview Content\"";
				DEVELOPMENT_TEAM = 4H2WWUCQQY;
				ENABLE_PREVIEWS = YES;
				GENERATE_INFOPLIST_FILE = YES;
				INFOPLIST_KEY_UIApplicationSceneManifest_Generation = YES;
				INFOPLIST_KEY_UIApplicationSupportsIndirectInputEvents = YES;
				INFOPLIST_KEY_UILaunchScreen_Generation = YES;
				INFOPLIST_KEY_UISupportedInterfaceOrientations_iPad = "UIInterfaceOrientationPortrait UIInterfaceOrientationPortraitUpsideDown UIInterfaceOrientationLandscapeLeft UIInterfaceOrientationLandscapeRight";
				INFOPLIST_KEY_UISupportedInterfaceOrientations_iPhone = "UIInterfaceOrientationPortrait UIInterfaceOrientationLandscapeLeft UIInterfaceOrientationLandscapeRight";
				LD_RUNPATH_SEARCH_PATHS = (
					"$(inherited)",
					"@executable_path/Frameworks",
				);
				MARKETING_VERSION = 1.0;
				PRODUCT_BUNDLE_IDENTIFIER = "artem-orlov.Quotes";
				PRODUCT_NAME = "$(TARGET_NAME)";
				SWIFT_EMIT_LOC_STRINGS = YES;
				SWIFT_VERSION = 5.0;
				TARGETED_DEVICE_FAMILY = "1,2";
			};
			name = Debug;
		};
		00F16F8B2ABBA6E60021D4DD /* Release */ = {
			isa = XCBuildConfiguration;
			buildSettings = {
				ASSETCATALOG_COMPILER_ALTERNATE_APPICON_NAMES = "AppIcon-Quotable";
				ASSETCATALOG_COMPILER_APPICON_NAME = AppIcon;
				ASSETCATALOG_COMPILER_GLOBAL_ACCENT_COLOR_NAME = AccentColor;
				CODE_SIGN_STYLE = Automatic;
				CURRENT_PROJECT_VERSION = 1;
				DEVELOPMENT_ASSET_PATHS = "\"Quotes/Resources/Preview Content\"";
				DEVELOPMENT_TEAM = 4H2WWUCQQY;
				ENABLE_PREVIEWS = YES;
				GENERATE_INFOPLIST_FILE = YES;
				INFOPLIST_KEY_UIApplicationSceneManifest_Generation = YES;
				INFOPLIST_KEY_UIApplicationSupportsIndirectInputEvents = YES;
				INFOPLIST_KEY_UILaunchScreen_Generation = YES;
				INFOPLIST_KEY_UISupportedInterfaceOrientations_iPad = "UIInterfaceOrientationPortrait UIInterfaceOrientationPortraitUpsideDown UIInterfaceOrientationLandscapeLeft UIInterfaceOrientationLandscapeRight";
				INFOPLIST_KEY_UISupportedInterfaceOrientations_iPhone = "UIInterfaceOrientationPortrait UIInterfaceOrientationLandscapeLeft UIInterfaceOrientationLandscapeRight";
				LD_RUNPATH_SEARCH_PATHS = (
					"$(inherited)",
					"@executable_path/Frameworks",
				);
				MARKETING_VERSION = 1.0;
				PRODUCT_BUNDLE_IDENTIFIER = "artem-orlov.Quotes";
				PRODUCT_NAME = "$(TARGET_NAME)";
				SWIFT_EMIT_LOC_STRINGS = YES;
				SWIFT_VERSION = 5.0;
				TARGETED_DEVICE_FAMILY = "1,2";
			};
			name = Release;
		};
		00F16F8D2ABBA6E60021D4DD /* Debug */ = {
			isa = XCBuildConfiguration;
			buildSettings = {
				ALWAYS_EMBED_SWIFT_STANDARD_LIBRARIES = YES;
				BUNDLE_LOADER = "$(TEST_HOST)";
				CODE_SIGN_STYLE = Automatic;
				CURRENT_PROJECT_VERSION = 1;
				DEVELOPMENT_TEAM = 4H2WWUCQQY;
				GENERATE_INFOPLIST_FILE = YES;
				IPHONEOS_DEPLOYMENT_TARGET = 16.4;
				MARKETING_VERSION = 1.0;
				PRODUCT_BUNDLE_IDENTIFIER = "artem-orlov.QuotesTests";
				PRODUCT_NAME = "$(TARGET_NAME)";
				SWIFT_EMIT_LOC_STRINGS = NO;
				SWIFT_VERSION = 5.0;
				TARGETED_DEVICE_FAMILY = "1,2";
				TEST_HOST = "$(BUILT_PRODUCTS_DIR)/Quotes.app/$(BUNDLE_EXECUTABLE_FOLDER_PATH)/Quotes";
			};
			name = Debug;
		};
		00F16F8E2ABBA6E60021D4DD /* Release */ = {
			isa = XCBuildConfiguration;
			buildSettings = {
				ALWAYS_EMBED_SWIFT_STANDARD_LIBRARIES = YES;
				BUNDLE_LOADER = "$(TEST_HOST)";
				CODE_SIGN_STYLE = Automatic;
				CURRENT_PROJECT_VERSION = 1;
				DEVELOPMENT_TEAM = 4H2WWUCQQY;
				GENERATE_INFOPLIST_FILE = YES;
				IPHONEOS_DEPLOYMENT_TARGET = 16.4;
				MARKETING_VERSION = 1.0;
				PRODUCT_BUNDLE_IDENTIFIER = "artem-orlov.QuotesTests";
				PRODUCT_NAME = "$(TARGET_NAME)";
				SWIFT_EMIT_LOC_STRINGS = NO;
				SWIFT_VERSION = 5.0;
				TARGETED_DEVICE_FAMILY = "1,2";
				TEST_HOST = "$(BUILT_PRODUCTS_DIR)/Quotes.app/$(BUNDLE_EXECUTABLE_FOLDER_PATH)/Quotes";
			};
			name = Release;
		};
		00F16F902ABBA6E60021D4DD /* Debug */ = {
			isa = XCBuildConfiguration;
			buildSettings = {
				ALWAYS_EMBED_SWIFT_STANDARD_LIBRARIES = YES;
				CODE_SIGN_STYLE = Automatic;
				CURRENT_PROJECT_VERSION = 1;
				DEVELOPMENT_TEAM = 4H2WWUCQQY;
				GENERATE_INFOPLIST_FILE = YES;
				MARKETING_VERSION = 1.0;
				PRODUCT_BUNDLE_IDENTIFIER = "artem-orlov.QuotesUITests";
				PRODUCT_NAME = "$(TARGET_NAME)";
				SWIFT_EMIT_LOC_STRINGS = NO;
				SWIFT_VERSION = 5.0;
				TARGETED_DEVICE_FAMILY = "1,2";
				TEST_TARGET_NAME = Quotes;
			};
			name = Debug;
		};
		00F16F912ABBA6E60021D4DD /* Release */ = {
			isa = XCBuildConfiguration;
			buildSettings = {
				ALWAYS_EMBED_SWIFT_STANDARD_LIBRARIES = YES;
				CODE_SIGN_STYLE = Automatic;
				CURRENT_PROJECT_VERSION = 1;
				DEVELOPMENT_TEAM = 4H2WWUCQQY;
				GENERATE_INFOPLIST_FILE = YES;
				MARKETING_VERSION = 1.0;
				PRODUCT_BUNDLE_IDENTIFIER = "artem-orlov.QuotesUITests";
				PRODUCT_NAME = "$(TARGET_NAME)";
				SWIFT_EMIT_LOC_STRINGS = NO;
				SWIFT_VERSION = 5.0;
				TARGETED_DEVICE_FAMILY = "1,2";
				TEST_TARGET_NAME = Quotes;
			};
			name = Release;
		};
/* End XCBuildConfiguration section */

/* Begin XCConfigurationList section */
		00F16F602ABBA6E40021D4DD /* Build configuration list for PBXProject "Quotes" */ = {
			isa = XCConfigurationList;
			buildConfigurations = (
				00F16F872ABBA6E60021D4DD /* Debug */,
				00F16F882ABBA6E60021D4DD /* Release */,
			);
			defaultConfigurationIsVisible = 0;
			defaultConfigurationName = Release;
		};
		00F16F892ABBA6E60021D4DD /* Build configuration list for PBXNativeTarget "Quotes" */ = {
			isa = XCConfigurationList;
			buildConfigurations = (
				00F16F8A2ABBA6E60021D4DD /* Debug */,
				00F16F8B2ABBA6E60021D4DD /* Release */,
			);
			defaultConfigurationIsVisible = 0;
			defaultConfigurationName = Release;
		};
		00F16F8C2ABBA6E60021D4DD /* Build configuration list for PBXNativeTarget "QuotesTests" */ = {
			isa = XCConfigurationList;
			buildConfigurations = (
				00F16F8D2ABBA6E60021D4DD /* Debug */,
				00F16F8E2ABBA6E60021D4DD /* Release */,
			);
			defaultConfigurationIsVisible = 0;
			defaultConfigurationName = Release;
		};
		00F16F8F2ABBA6E60021D4DD /* Build configuration list for PBXNativeTarget "QuotesUITests" */ = {
			isa = XCConfigurationList;
			buildConfigurations = (
				00F16F902ABBA6E60021D4DD /* Debug */,
				00F16F912ABBA6E60021D4DD /* Release */,
			);
			defaultConfigurationIsVisible = 0;
			defaultConfigurationName = Release;
		};
/* End XCConfigurationList section */

/* Begin XCRemoteSwiftPackageReference section */
		00E1CFC92AC4DBF400C4C720 /* XCRemoteSwiftPackageReference "R" */ = {
			isa = XCRemoteSwiftPackageReference;
			repositoryURL = "https://github.com/mac-cain13/R.swift";
			requirement = {
				kind = exactVersion;
				version = 7.4.0;
			};
		};
/* End XCRemoteSwiftPackageReference section */

/* Begin XCSwiftPackageProductDependency section */
		00E1CFCA2AC4DBF400C4C720 /* RswiftLibrary */ = {
			isa = XCSwiftPackageProductDependency;
			package = 00E1CFC92AC4DBF400C4C720 /* XCRemoteSwiftPackageReference "R" */;
			productName = RswiftLibrary;
		};
		00E1CFCC2AC4DC2400C4C720 /* RswiftGenerateInternalResources */ = {
			isa = XCSwiftPackageProductDependency;
			productName = "plugin:RswiftGenerateInternalResources";
		};
/* End XCSwiftPackageProductDependency section */

/* Begin XCVersionGroup section */
		00D3D5712ABE20730004774C /* QuotesData.xcdatamodeld */ = {
			isa = XCVersionGroup;
			children = (
				00D3D5722ABE20730004774C /* QuotesData.xcdatamodel */,
			);
			currentVersion = 00D3D5722ABE20730004774C /* QuotesData.xcdatamodel */;
			path = QuotesData.xcdatamodeld;
			sourceTree = "<group>";
			versionGroupType = wrapper.xcdatamodel;
		};
/* End XCVersionGroup section */
	};
	rootObject = 00F16F5D2ABBA6E40021D4DD /* Project object */;
}
